
Microsoft Visual Studio Solution File, Format Version 12.00
# Visual Studio Version 17
VisualStudioVersion = 17.14.36109.1 d17.14
MinimumVisualStudioVersion = 10.0.40219.1
Project("{FAE04EC0-301F-11D3-BF4B-00C04F79EFBC}") = "DemoHttpClient_Slot1", "DemoHttpClient_Slot1.csproj", "{EC481500-CB3E-40AD-9D8B-689AB7AFC164}"
EndProject
Global
	GlobalSection(SolutionConfigurationPlatforms) = preSolution
		Debug|Any CPU = Debug|Any CPU
		Release|Any CPU = Release|Any CPU
	EndGlobalSection
	GlobalSection(ProjectConfigurationPlatforms) = postSolution
		{EC481500-CB3E-40AD-9D8B-689AB7AFC164}.Debug|Any CPU.ActiveCfg = Debug|Any CPU
		{EC481500-CB3E-40AD-9D8B-689AB7AFC164}.Debug|Any CPU.Build.0 = Debug|Any CPU
		{EC481500-CB3E-40AD-9D8B-689AB7AFC164}.Release|Any CPU.ActiveCfg = Release|Any CPU
		{EC481500-CB3E-40AD-9D8B-689AB7AFC164}.Release|Any CPU.Build.0 = Release|Any CPU
	EndGlobalSection
	GlobalSection(SolutionProperties) = preSolution
		HideSolutionNode = FALSE
	EndGlobalSection
	GlobalSection(ExtensibilityGlobals) = postSolution
		SolutionGuid = {FA4FCF1A-3578-4569-9BCC-EF613A35B700}
	EndGlobalSection
EndGlobal
